
Microsoft Visual Studio Solution File, Format Version 12.00
# Visual Studio Version 16
VisualStudioVersion = 16.0.30225.117
MinimumVisualStudioVersion = 10.0.40219.1
Project("{FAE04EC0-301F-11D3-BF4B-00C04F79EFBC}") = "UMSStudent", "UMSStudent.csproj", "{6CC9D08D-E892-4768-AFB5-2FD40781DB0C}"
EndProject
Global
	GlobalSection(SolutionConfigurationPlatforms) = preSolution
		Debug|Any CPU = Debug|Any CPU
		Release|Any CPU = Release|Any CPU
	EndGlobalSection
	GlobalSection(ProjectConfigurationPlatforms) = postSolution
		{6CC9D08D-E892-4768-AFB5-2FD40781DB0C}.Debug|Any CPU.ActiveCfg = Debug|Any CPU
		{6CC9D08D-E892-4768-AFB5-2FD40781DB0C}.Debug|Any CPU.Build.0 = Debug|Any CPU
		{6CC9D08D-E892-4768-AFB5-2FD40781DB0C}.Release|Any CPU.ActiveCfg = Release|Any CPU
		{6CC9D08D-E892-4768-AFB5-2FD40781DB0C}.Release|Any CPU.Build.0 = Release|Any CPU
	EndGlobalSection
	GlobalSection(SolutionProperties) = preSolution
		HideSolutionNode = FALSE
	EndGlobalSection
	GlobalSection(ExtensibilityGlobals) = postSolution
		SolutionGuid = {69415223-A77F-4DBF-8CC1-6FC482513AB6}
	EndGlobalSection
EndGlobal
